# @generated by Move, please check-in and do not edit manually.

[move]
version = 3
manifest_digest = "12804FB51D6437747D6A8F8898FD776722EE539BCE879E7685357109EED16005"
deps_digest = "F9B494B64F0615AED0E98FC12A85B85ECD2BC5185C22D30E7F67786BB52E507C"
dependencies = [
  { id = "Iota", name = "Iota" },
  { id = "IotaSystem", name = "IotaSystem" },
  { id = "MoveStdlib", name = "MoveStdlib" },
  { id = "Stardust", name = "Stardust" },
]

[[move.package]]
id = "Iota"
source = { git = "https://github.com/iotaledger/iota.git", rev = "0daac7d867b5d4407be4533b4583d75464f50267", subdir = "crates/iota-framework/packages/iota-framework" }

dependencies = [
  { id = "MoveStdlib", name = "MoveStdlib" },
]

[[move.package]]
id = "IotaSystem"
source = { git = "https://github.com/iotaledger/iota.git", rev = "0daac7d867b5d4407be4533b4583d75464f50267", subdir = "crates/iota-framework/packages/iota-system" }

dependencies = [
  { id = "Iota", name = "Iota" },
  { id = "MoveStdlib", name = "MoveStdlib" },
]

[[move.package]]
id = "MoveStdlib"
source = { git = "https://github.com/iotaledger/iota.git", rev = "0daac7d867b5d4407be4533b4583d75464f50267", subdir = "crates/iota-framework/packages/move-stdlib" }

[[move.package]]
id = "Stardust"
source = { git = "https://github.com/iotaledger/iota.git", rev = "0daac7d867b5d4407be4533b4583d75464f50267", subdir = "crates/iota-framework/packages/stardust" }

dependencies = [
  { id = "Iota", name = "Iota" },
  { id = "MoveStdlib", name = "MoveStdlib" },
]

[move.toolchain-version]
compiler-version = "1.21.1-rc"
edition = "2024.beta"
flavor = "iota"

[env]

[env.devnet]
chain-id = "daf90477"
original-published-id = "0x7d4baec39c8d16a43083ef54a17d3d426df9a7f6208d278f109020d368ea2adc"
latest-published-id = "0x7d4baec39c8d16a43083ef54a17d3d426df9a7f6208d278f109020d368ea2adc"
published-version = "1"
