# @generated by Move, please check-in and do not edit manually.

[move]
version = 3
manifest_digest = "A940C12D68314A55E6D671546783E27E90A35545E7211A991D7FA820ECE06160"
deps_digest = "F9B494B64F0615AED0E98FC12A85B85ECD2BC5185C22D30E7F67786BB52E507C"
dependencies = [
  { id = "Iota", name = "Iota" },
  { id = "IotaSystem", name = "IotaSystem" },
  { id = "MoveStdlib", name = "MoveStdlib" },
  { id = "Stardust", name = "Stardust" },
]

[[move.package]]
id = "Iota"
source = { git = "https://github.com/iotaledger/iota.git", rev = "431ab686e6f1d4abd83b16dd7c671712002ecac8", subdir = "crates/iota-framework/packages/iota-framework" }

dependencies = [
  { id = "MoveStdlib", name = "MoveStdlib" },
]

[[move.package]]
id = "IotaSystem"
source = { git = "https://github.com/iotaledger/iota.git", rev = "431ab686e6f1d4abd83b16dd7c671712002ecac8", subdir = "crates/iota-framework/packages/iota-system" }

dependencies = [
  { id = "Iota", name = "Iota" },
  { id = "MoveStdlib", name = "MoveStdlib" },
]

[[move.package]]
id = "MoveStdlib"
source = { git = "https://github.com/iotaledger/iota.git", rev = "431ab686e6f1d4abd83b16dd7c671712002ecac8", subdir = "crates/iota-framework/packages/move-stdlib" }

[[move.package]]
id = "Stardust"
source = { git = "https://github.com/iotaledger/iota.git", rev = "431ab686e6f1d4abd83b16dd7c671712002ecac8", subdir = "crates/iota-framework/packages/stardust" }

dependencies = [
  { id = "Iota", name = "Iota" },
  { id = "MoveStdlib", name = "MoveStdlib" },
]

[move.toolchain-version]
compiler-version = "1.18.1-rc"
edition = "2024.beta"
flavor = "iota"

[env]

[env.testnet]
chain-id = "2304aa97"
original-published-id = "0x100a8ab1b8c3033a36ff505b898e577f61d180a5b63d0766ebe7a2d4aca70517"
latest-published-id = "0x100a8ab1b8c3033a36ff505b898e577f61d180a5b63d0766ebe7a2d4aca70517"
published-version = "1"
