# @generated by Move, please check-in and do not edit manually.

[move]
version = 3
manifest_digest = "A940C12D68314A55E6D671546783E27E90A35545E7211A991D7FA820ECE06160"
deps_digest = "F9B494B64F0615AED0E98FC12A85B85ECD2BC5185C22D30E7F67786BB52E507C"
dependencies = [
  { id = "Iota", name = "Iota" },
  { id = "IotaSystem", name = "IotaSystem" },
  { id = "MoveStdlib", name = "MoveStdlib" },
  { id = "Stardust", name = "Stardust" },
]

[[move.package]]
id = "Iota"
source = { git = "https://github.com/iotaledger/iota.git", rev = "7e49c58b826b34c8e2b61842ef13c8de35a0aee8", subdir = "crates/iota-framework/packages/iota-framework" }

dependencies = [
  { id = "MoveStdlib", name = "MoveStdlib" },
]

[[move.package]]
id = "IotaSystem"
source = { git = "https://github.com/iotaledger/iota.git", rev = "7e49c58b826b34c8e2b61842ef13c8de35a0aee8", subdir = "crates/iota-framework/packages/iota-system" }

dependencies = [
  { id = "Iota", name = "Iota" },
  { id = "MoveStdlib", name = "MoveStdlib" },
]

[[move.package]]
id = "MoveStdlib"
source = { git = "https://github.com/iotaledger/iota.git", rev = "7e49c58b826b34c8e2b61842ef13c8de35a0aee8", subdir = "crates/iota-framework/packages/move-stdlib" }

[[move.package]]
id = "Stardust"
source = { git = "https://github.com/iotaledger/iota.git", rev = "7e49c58b826b34c8e2b61842ef13c8de35a0aee8", subdir = "crates/iota-framework/packages/stardust" }

dependencies = [
  { id = "Iota", name = "Iota" },
  { id = "MoveStdlib", name = "MoveStdlib" },
]

[move.toolchain-version]
compiler-version = "1.3.1-rc"
edition = "2024.beta"
flavor = "iota"

[env]

[env.testnet]
chain-id = "2304aa97"
original-published-id = "0xb275ae736fb18b04a2885f35fb7afbd9857e71ca299e271c3c6304b9ac28448a"
latest-published-id = "0xb275ae736fb18b04a2885f35fb7afbd9857e71ca299e271c3c6304b9ac28448a"
published-version = "1"

