# @generated by Move, please check-in and do not edit manually.

[move]
version = 3
manifest_digest = "1D4E66A18159867378227EA461FCEDDD0E89CFF66714C54C481128DAE6ADE56A"
deps_digest = "3C4103934B1E040BB6B23F1D610B4EF9F2F1166A50A104EADCF77467C004C600"
dependencies = [
  { id = "Iota", name = "Iota" },
  { id = "IotaSystem", name = "IotaSystem" },
]

[[move.package]]
id = "Iota"
source = { git = "https://github.com/iotaledger/iota.git", rev = "7e49c58b826b34c8e2b61842ef13c8de35a0aee8", subdir = "crates/iota-framework/packages/iota-framework" }

dependencies = [
  { id = "MoveStdlib", name = "MoveStdlib" },
]

[[move.package]]
id = "IotaSystem"
source = { git = "https://github.com/iotaledger/iota.git", rev = "7e49c58b826b34c8e2b61842ef13c8de35a0aee8", subdir = "crates/iota-framework/packages/iota-system" }

dependencies = [
  { id = "Iota", name = "Iota" },
  { id = "MoveStdlib", name = "MoveStdlib" },
]

[[move.package]]
id = "MoveStdlib"
source = { git = "https://github.com/iotaledger/iota.git", rev = "7e49c58b826b34c8e2b61842ef13c8de35a0aee8", subdir = "crates/iota-framework/packages/move-stdlib" }

[move.toolchain-version]
compiler-version = "1.21.1-rc"
edition = "2024.beta"
flavor = "iota"

[env]

[env.testnet]
chain-id = "2304aa97"
original-published-id = "0x313bc83359c4e8599518c948de2e2bf5f493f0cdb163afe2c18af96b54747ae3"
latest-published-id = "0x313bc83359c4e8599518c948de2e2bf5f493f0cdb163afe2c18af96b54747ae3"
published-version = "1"
