# @generated by Move, please check-in and do not edit manually.

[move]
version = 3
manifest_digest = "9F1FA010BBA97D93418F1B2E80CFAC0F8FF07F21C1FF14932E9F39D2044CACA7"
deps_digest = "397E6A9F7A624706DBDFEE056CE88391A15876868FD18A88504DA74EB458D697"
dependencies = [
  { id = "Iota", name = "Iota" },
  { id = "IotaSystem", name = "IotaSystem" },
  { id = "MoveStdlib", name = "MoveStdlib" },
  { id = "Stardust", name = "Stardust" },
  { id = "iota_oracle_validator_caps", name = "iota_oracle_validator_caps" },
]

[[move.package]]
id = "Iota"
source = { git = "https://github.com/iotaledger/iota.git", rev = "431ab686e6f1d4abd83b16dd7c671712002ecac8", subdir = "crates/iota-framework/packages/iota-framework" }

dependencies = [
  { id = "MoveStdlib", name = "MoveStdlib" },
]

[[move.package]]
id = "IotaSystem"
source = { git = "https://github.com/iotaledger/iota.git", rev = "431ab686e6f1d4abd83b16dd7c671712002ecac8", subdir = "crates/iota-framework/packages/iota-system" }

dependencies = [
  { id = "Iota", name = "Iota" },
  { id = "MoveStdlib", name = "MoveStdlib" },
]

[[move.package]]
id = "MoveStdlib"
source = { git = "https://github.com/iotaledger/iota.git", rev = "431ab686e6f1d4abd83b16dd7c671712002ecac8", subdir = "crates/iota-framework/packages/move-stdlib" }

[[move.package]]
id = "Stardust"
source = { git = "https://github.com/iotaledger/iota.git", rev = "431ab686e6f1d4abd83b16dd7c671712002ecac8", subdir = "crates/iota-framework/packages/stardust" }

dependencies = [
  { id = "Iota", name = "Iota" },
  { id = "MoveStdlib", name = "MoveStdlib" },
]

[[move.package]]
id = "iota_oracle_validator_caps"
source = { local = "../oracle_validator_caps_testnet" }

dependencies = [
  { id = "Iota", name = "Iota" },
  { id = "IotaSystem", name = "IotaSystem" },
]

[move.toolchain-version]
compiler-version = "1.20.0-rc"
edition = "2024.beta"
flavor = "iota"

[env]

[env.devnet]
chain-id = "daf90477"
original-published-id = "0x9b8155374bad2697a32a7e73b43df5104d72ac9f9ed1e8406dfbd1600836169d"
latest-published-id = "0x9b8155374bad2697a32a7e73b43df5104d72ac9f9ed1e8406dfbd1600836169d"
published-version = "1"

[env.testnet]
chain-id = "2304aa97"
original-published-id = "0xb3d876d6abfece04ee4c435a9a7275d830b0a5a09cd96df2d61b09f1892bf48c"
latest-published-id = "0xb3d876d6abfece04ee4c435a9a7275d830b0a5a09cd96df2d61b09f1892bf48c"
published-version = "1"
