# @generated by Move, please check-in and do not edit manually.

[move]
version = 3
manifest_digest = "1A451C1D50D83BF144F9DB8D4E8A3D8FFFC3B09A2FF865851D8EF20DF0B55ACA"
deps_digest = "397E6A9F7A624706DBDFEE056CE88391A15876868FD18A88504DA74EB458D697"
dependencies = [
  { id = "Iota", name = "Iota" },
  { id = "IotaSystem", name = "IotaSystem" },
  { id = "MoveStdlib", name = "MoveStdlib" },
  { id = "Stardust", name = "Stardust" },
  { id = "iota_oracle_system_state", name = "iota_oracle_system_state" },
]

[[move.package]]
id = "Iota"
source = { git = "https://github.com/iotaledger/iota.git", rev = "431ab686e6f1d4abd83b16dd7c671712002ecac8", subdir = "crates/iota-framework/packages/iota-framework" }

dependencies = [
  { id = "MoveStdlib", name = "MoveStdlib" },
]

[[move.package]]
id = "IotaSystem"
source = { git = "https://github.com/iotaledger/iota.git", rev = "431ab686e6f1d4abd83b16dd7c671712002ecac8", subdir = "crates/iota-framework/packages/iota-system" }

dependencies = [
  { id = "Iota", name = "Iota" },
  { id = "MoveStdlib", name = "MoveStdlib" },
]

[[move.package]]
id = "MoveStdlib"
source = { git = "https://github.com/iotaledger/iota.git", rev = "431ab686e6f1d4abd83b16dd7c671712002ecac8", subdir = "crates/iota-framework/packages/move-stdlib" }

[[move.package]]
id = "Stardust"
source = { git = "https://github.com/iotaledger/iota.git", rev = "431ab686e6f1d4abd83b16dd7c671712002ecac8", subdir = "crates/iota-framework/packages/stardust" }

dependencies = [
  { id = "Iota", name = "Iota" },
  { id = "MoveStdlib", name = "MoveStdlib" },
]

[[move.package]]
id = "iota_oracle_system_state"
source = { local = "../oracle_system_state_testnet" }

dependencies = [
  { id = "Iota", name = "Iota" },
  { id = "IotaSystem", name = "IotaSystem" },
  { id = "MoveStdlib", name = "MoveStdlib" },
  { id = "Stardust", name = "Stardust" },
]

[move.toolchain-version]
compiler-version = "1.18.1-rc"
edition = "2024.beta"
flavor = "iota"

[env]

[env.testnet]
chain-id = "2304aa97"
original-published-id = "0x7e7f3536c4a82499705704b6264f8e4fd8097e21be2fe2d5bd481a0cee79ae9c"
latest-published-id = "0x7e7f3536c4a82499705704b6264f8e4fd8097e21be2fe2d5bd481a0cee79ae9c"
published-version = "1"

[env.mainnet]
chain-id = "6364aad5"
original-published-id = "0x6148d3674590634d59f8f972d71dd6148e014dd9c036c048d446853dd80049f4"
latest-published-id = "0x6148d3674590634d59f8f972d71dd6148e014dd9c036c048d446853dd80049f4"
published-version = "1"

[env.devnet]
chain-id = "daf90477"
original-published-id = "0x7521e5910c2cec19b8fbe12f8b2827145ed882812ecd3aef33e7ab81c9b0c630"
latest-published-id = "0x7521e5910c2cec19b8fbe12f8b2827145ed882812ecd3aef33e7ab81c9b0c630"
published-version = "1"
