# @generated by Move, please check-in and do not edit manually.

[move]
version = 3
manifest_digest = "1FEBA6795870D92DA3C41268049B54BB3AD97125CA06AEF1CCC4738D44067F24"
deps_digest = "060AD7E57DFB13104F21BE5F5C3759D03F0553FC3229247D9A7A6B45F50D03A3"
dependencies = [
  { id = "Iota", name = "Iota" },
  { id = "IotaSystem", name = "IotaSystem" },
  { id = "iota_oracle_system_state", name = "iota_oracle_system_state" },
]

[[move.package]]
id = "Iota"
source = { git = "https://github.com/iotaledger/iota.git", rev = "7e49c58b826b34c8e2b61842ef13c8de35a0aee8", subdir = "crates/iota-framework/packages/iota-framework" }

dependencies = [
  { id = "MoveStdlib", name = "MoveStdlib" },
]

[[move.package]]
id = "IotaSystem"
source = { git = "https://github.com/iotaledger/iota.git", rev = "7e49c58b826b34c8e2b61842ef13c8de35a0aee8", subdir = "crates/iota-framework/packages/iota-system" }

dependencies = [
  { id = "Iota", name = "Iota" },
  { id = "MoveStdlib", name = "MoveStdlib" },
]

[[move.package]]
id = "MoveStdlib"
source = { git = "https://github.com/iotaledger/iota.git", rev = "7e49c58b826b34c8e2b61842ef13c8de35a0aee8", subdir = "crates/iota-framework/packages/move-stdlib" }

[[move.package]]
id = "iota_oracle_system_state"
source = { local = "../oracle_system_state_testnet" }

dependencies = [
  { id = "Iota", name = "Iota" },
  { id = "IotaSystem", name = "IotaSystem" },
]

[move.toolchain-version]
compiler-version = "1.18.1-rc"
edition = "2024.beta"
flavor = "iota"

[env]

[env.testnet]
chain-id = "2304aa97"
original-published-id = "0x0000000000000000000000000000000000000000000000000000000000000000"
latest-published-id = "0xa8431312912d3c169cc3d1e7f94dba9a55f529243272cc4e9ef488dce895a8a2"
published-version = "1"

