# @generated by Move, please check-in and do not edit manually.

[move]
version = 3
manifest_digest = "416CCA6358C16ED013BBE734FB444C18D53FC449CC29D0B0D1BB6E2AB7643161"
deps_digest = "397E6A9F7A624706DBDFEE056CE88391A15876868FD18A88504DA74EB458D697"
dependencies = [
  { id = "Iota", name = "Iota" },
  { id = "IotaSystem", name = "IotaSystem" },
  { id = "MoveStdlib", name = "MoveStdlib" },
  { id = "Stardust", name = "Stardust" },
  { id = "iota_oracle_system_state", name = "iota_oracle_system_state" },
]

[[move.package]]
id = "Iota"
source = { git = "https://github.com/iotaledger/iota.git", rev = "431ab686e6f1d4abd83b16dd7c671712002ecac8", subdir = "crates/iota-framework/packages/iota-framework" }

dependencies = [
  { id = "MoveStdlib", name = "MoveStdlib" },
]

[[move.package]]
id = "IotaSystem"
source = { git = "https://github.com/iotaledger/iota.git", rev = "431ab686e6f1d4abd83b16dd7c671712002ecac8", subdir = "crates/iota-framework/packages/iota-system" }

dependencies = [
  { id = "Iota", name = "Iota" },
  { id = "MoveStdlib", name = "MoveStdlib" },
]

[[move.package]]
id = "MoveStdlib"
source = { git = "https://github.com/iotaledger/iota.git", rev = "431ab686e6f1d4abd83b16dd7c671712002ecac8", subdir = "crates/iota-framework/packages/move-stdlib" }

[[move.package]]
id = "Stardust"
source = { git = "https://github.com/iotaledger/iota.git", rev = "431ab686e6f1d4abd83b16dd7c671712002ecac8", subdir = "crates/iota-framework/packages/stardust" }

dependencies = [
  { id = "Iota", name = "Iota" },
  { id = "MoveStdlib", name = "MoveStdlib" },
]

[[move.package]]
id = "iota_oracle_system_state"
source = { local = "../oracle_system_state_testnet" }

dependencies = [
  { id = "Iota", name = "Iota" },
  { id = "IotaSystem", name = "IotaSystem" },
  { id = "MoveStdlib", name = "MoveStdlib" },
  { id = "Stardust", name = "Stardust" },
  { id = "iota_oracle_validator_caps", name = "iota_oracle_validator_caps" },
]

[[move.package]]
id = "iota_oracle_validator_caps"
source = { local = "../oracle_validator_caps_testnet" }

dependencies = [
  { id = "Iota", name = "Iota" },
  { id = "IotaSystem", name = "IotaSystem" },
]

[move.toolchain-version]
compiler-version = "1.20.0-rc"
edition = "2024.beta"
flavor = "iota"

[env]

[env.devnet]
chain-id = "daf90477"
original-published-id = "0x153e48f7043f895601cd7f0b07aee2d51a26e06b2d39b37fca1d2a8de3aa3758"
latest-published-id = "0x153e48f7043f895601cd7f0b07aee2d51a26e06b2d39b37fca1d2a8de3aa3758"
published-version = "1"

[env.testnet]
chain-id = "2304aa97"
original-published-id = "0x0567e61e59cfead099c37c274349bef674ba23b306c232fc29785514eada888c"
latest-published-id = "0x0567e61e59cfead099c37c274349bef674ba23b306c232fc29785514eada888c"
published-version = "1"
