# @generated by Move, please check-in and do not edit manually.

[move]
version = 3
manifest_digest = "E22B42D83543CFA3799AAC8AC11AD0C4D86E0EA96C779A8B7B039B32B536BDFF"
deps_digest = "F9B494B64F0615AED0E98FC12A85B85ECD2BC5185C22D30E7F67786BB52E507C"
dependencies = [
  { id = "Iota", name = "Iota" },
  { id = "IotaSystem", name = "IotaSystem" },
  { id = "MoveStdlib", name = "MoveStdlib" },
  { id = "Stardust", name = "Stardust" },
]

[[move.package]]
id = "Iota"
source = { git = "https://github.com/iotaledger/iota.git", rev = "431ab686e6f1d4abd83b16dd7c671712002ecac8", subdir = "crates/iota-framework/packages/iota-framework" }

dependencies = [
  { id = "MoveStdlib", name = "MoveStdlib" },
]

[[move.package]]
id = "IotaSystem"
source = { git = "https://github.com/iotaledger/iota.git", rev = "431ab686e6f1d4abd83b16dd7c671712002ecac8", subdir = "crates/iota-framework/packages/iota-system" }

dependencies = [
  { id = "Iota", name = "Iota" },
  { id = "MoveStdlib", name = "MoveStdlib" },
]

[[move.package]]
id = "MoveStdlib"
source = { git = "https://github.com/iotaledger/iota.git", rev = "431ab686e6f1d4abd83b16dd7c671712002ecac8", subdir = "crates/iota-framework/packages/move-stdlib" }

[[move.package]]
id = "Stardust"
source = { git = "https://github.com/iotaledger/iota.git", rev = "431ab686e6f1d4abd83b16dd7c671712002ecac8", subdir = "crates/iota-framework/packages/stardust" }

dependencies = [
  { id = "Iota", name = "Iota" },
  { id = "MoveStdlib", name = "MoveStdlib" },
]

[move.toolchain-version]
compiler-version = "1.18.1-rc"
edition = "2024.beta"
flavor = "iota"

[env]

[env.testnet]
chain-id = "2304aa97"
original-published-id = "0x22a21385aa4f2647c1c8d0b8680022ff3faf1b7eec652c3ae04b6aac1a3b6ef1"
latest-published-id = "0x22a21385aa4f2647c1c8d0b8680022ff3faf1b7eec652c3ae04b6aac1a3b6ef1"
published-version = "1"

[env.devnet]
chain-id = "daf90477"
original-published-id = "0x69a6f9fe8112cfa273685844d5f62b71567a3b3d0af1e91d743cea9dbff80cc5"
latest-published-id = "0x69a6f9fe8112cfa273685844d5f62b71567a3b3d0af1e91d743cea9dbff80cc5"
published-version = "1"
