# @generated by Move, please check-in and do not edit manually.

[move]
version = 3
manifest_digest = "69F9ACD4FB33B377D8BD149EF361BCA43E5DECE83491606643318AA0F6582C84"
deps_digest = "397E6A9F7A624706DBDFEE056CE88391A15876868FD18A88504DA74EB458D697"
dependencies = [
  { id = "Iota", name = "Iota" },
  { id = "IotaSystem", name = "IotaSystem" },
  { id = "MoveStdlib", name = "MoveStdlib" },
  { id = "Stardust", name = "Stardust" },
  { id = "iota_oracle_system_state", name = "iota_oracle_system_state" },
]

[[move.package]]
id = "Iota"
source = { git = "https://github.com/iotaledger/iota.git", rev = "431ab686e6f1d4abd83b16dd7c671712002ecac8", subdir = "crates/iota-framework/packages/iota-framework" }

dependencies = [
  { id = "MoveStdlib", name = "MoveStdlib" },
]

[[move.package]]
id = "IotaSystem"
source = { git = "https://github.com/iotaledger/iota.git", rev = "431ab686e6f1d4abd83b16dd7c671712002ecac8", subdir = "crates/iota-framework/packages/iota-system" }

dependencies = [
  { id = "Iota", name = "Iota" },
  { id = "MoveStdlib", name = "MoveStdlib" },
]

[[move.package]]
id = "MoveStdlib"
source = { git = "https://github.com/iotaledger/iota.git", rev = "431ab686e6f1d4abd83b16dd7c671712002ecac8", subdir = "crates/iota-framework/packages/move-stdlib" }

[[move.package]]
id = "Stardust"
source = { git = "https://github.com/iotaledger/iota.git", rev = "431ab686e6f1d4abd83b16dd7c671712002ecac8", subdir = "crates/iota-framework/packages/stardust" }

dependencies = [
  { id = "Iota", name = "Iota" },
  { id = "MoveStdlib", name = "MoveStdlib" },
]

[[move.package]]
id = "iota_oracle_system_state"
source = { local = "../oracle_system_state_devnet" }

dependencies = [
  { id = "Iota", name = "Iota" },
  { id = "IotaSystem", name = "IotaSystem" },
  { id = "MoveStdlib", name = "MoveStdlib" },
  { id = "Stardust", name = "Stardust" },
]

[move.toolchain-version]
compiler-version = "1.18.1-rc"
edition = "2024.beta"
flavor = "iota"

[env]

[env.testnet]
chain-id = "2304aa97"
original-published-id = "0xca69402ec6deba4e0b100cb8ec489bcbf8a08e121e2ffbe345fe84fd16f1dd94"
latest-published-id = "0xca69402ec6deba4e0b100cb8ec489bcbf8a08e121e2ffbe345fe84fd16f1dd94"
published-version = "1"

[env.mainnet]
chain-id = "6364aad5"
original-published-id = "0x6148d3674590634d59f8f972d71dd6148e014dd9c036c048d446853dd80049f4"
latest-published-id = "0x6148d3674590634d59f8f972d71dd6148e014dd9c036c048d446853dd80049f4"
published-version = "1"

[env.devnet]
chain-id = "daf90477"
original-published-id = "0x4124d07d2bc1c31c60d2fa54c6fcab7e631dbedd085f724e22fc054f9c22b342"
latest-published-id = "0x4124d07d2bc1c31c60d2fa54c6fcab7e631dbedd085f724e22fc054f9c22b342"
published-version = "1"
